// !$*UTF8*$!
{
	archiveVersion = 1;
	classes = {
	};
	objectVersion = 48;
	objects = {

/* Begin PBXBuildFile section */
		78856A281F3833990046CBF4 /* AppDelegate.swift in Sources */ = {isa = PBXBuildFile; fileRef = 78856A271F3833990046CBF4 /* AppDelegate.swift */; };
		78856A2A1F3833990046CBF4 /* ViewController.swift in Sources */ = {isa = PBXBuildFile; fileRef = 78856A291F3833990046CBF4 /* ViewController.swift */; };
		78856A2D1F3833990046CBF4 /* Main.storyboard in Resources */ = {isa = PBXBuildFile; fileRef = 78856A2B1F3833990046CBF4 /* Main.storyboard */; };
		78856A2F1F3833990046CBF4 /* Assets.xcassets in Resources */ = {isa = PBXBuildFile; fileRef = 78856A2E1F3833990046CBF4 /* Assets.xcassets */; };
		78856A321F3833990046CBF4 /* LaunchScreen.storyboard in Resources */ = {isa = PBXBuildFile; fileRef = 78856A301F3833990046CBF4 /* LaunchScreen.storyboard */; };
		FB61661E6892B84D2CEF706B /* Pods_DemoVendoredBundleCopying.framework in Frameworks */ = {isa = PBXBuildFile; fileRef = FD1C746B7F18163BFB7406F9 /* Pods_DemoVendoredBundleCopying.framework */; };
/* End PBXBuildFile section */

/* Begin PBXFileReference section */
		2BC082E398B3A6F0DD675DA4 /* Pods-DemoVendoredBundleCopying.release.xcconfig */ = {isa = PBXFileReference; includeInIndex = 1; lastKnownFileType = text.xcconfig; name = "Pods-DemoVendoredBundleCopying.release.xcconfig"; path = "Pods/Target Support Files/Pods-DemoVendoredBundleCopying/Pods-DemoVendoredBundleCopying.release.xcconfig"; sourceTree = "<group>"; };
		78856A241F3833990046CBF4 /* DemoVendoredBundleCopying.app */ = {isa = PBXFileReference; explicitFileType = wrapper.application; includeInIndex = 0; path = DemoVendoredBundleCopying.app; sourceTree = BUILT_PRODUCTS_DIR; };
		78856A271F3833990046CBF4 /* AppDelegate.swift */ = {isa = PBXFileReference; lastKnownFileType = sourcecode.swift; path = AppDelegate.swift; sourceTree = "<group>"; };
		78856A291F3833990046CBF4 /* ViewController.swift */ = {isa = PBXFileReference; lastKnownFileType = sourcecode.swift; path = ViewController.swift; sourceTree = "<group>"; };
		78856A2C1F3833990046CBF4 /* Base */ = {isa = PBXFileReference; lastKnownFileType = file.storyboard; name = Base; path = Base.lproj/Main.storyboard; sourceTree = "<group>"; };
		78856A2E1F3833990046CBF4 /* Assets.xcassets */ = {isa = PBXFileReference; lastKnownFileType = folder.assetcatalog; path = Assets.xcassets; sourceTree = "<group>"; };
		78856A311F3833990046CBF4 /* Base */ = {isa = PBXFileReference; lastKnownFileType = file.storyboard; name = Base; path = Base.lproj/LaunchScreen.storyboard; sourceTree = "<group>"; };
		78856A331F3833990046CBF4 /* Info.plist */ = {isa = PBXFileReference; lastKnownFileType = text.plist.xml; path = Info.plist; sourceTree = "<group>"; };
		88E7F0B453C5E6502ECDCFB8 /* Pods-DemoVendoredBundleCopying.debug.xcconfig */ = {isa = PBXFileReference; includeInIndex = 1; lastKnownFileType = text.xcconfig; name = "Pods-DemoVendoredBundleCopying.debug.xcconfig"; path = "Pods/Target Support Files/Pods-DemoVendoredBundleCopying/Pods-DemoVendoredBundleCopying.debug.xcconfig"; sourceTree = "<group>"; };
		FD1C746B7F18163BFB7406F9 /* Pods_DemoVendoredBundleCopying.framework */ = {isa = PBXFileReference; explicitFileType = wrapper.framework; includeInIndex = 0; path = Pods_DemoVendoredBundleCopying.framework; sourceTree = BUILT_PRODUCTS_DIR; };
/* End PBXFileReference section */

/* Begin PBXFrameworksBuildPhase section */
		78856A211F3833990046CBF4 /* Frameworks */ = {
			isa = PBXFrameworksBuildPhase;
			buildActionMask = 2147483647;
			files = (
				FB61661E6892B84D2CEF706B /* Pods_DemoVendoredBundleCopying.framework in Frameworks */,
			);
			runOnlyForDeploymentPostprocessing = 0;
		};
/* End PBXFrameworksBuildPhase section */

/* Begin PBXGroup section */
		78856A1B1F3833990046CBF4 = {
			isa = PBXGroup;
			children = (
				78856A261F3833990046CBF4 /* DemoVendoredBundleCopying */,
				78856A251F3833990046CBF4 /* Products */,
				7918FCF9CECAA11DC5D48388 /* Pods */,
				E38C626B6CEEFDFED1000247 /* Frameworks */,
			);
			sourceTree = "<group>";
		};
		78856A251F3833990046CBF4 /* Products */ = {
			isa = PBXGroup;
			children = (
				78856A241F3833990046CBF4 /* DemoVendoredBundleCopying.app */,
			);
			name = Products;
			sourceTree = "<group>";
		};
		78856A261F3833990046CBF4 /* DemoVendoredBundleCopying */ = {
			isa = PBXGroup;
			children = (
				78856A271F3833990046CBF4 /* AppDelegate.swift */,
				78856A291F3833990046CBF4 /* ViewController.swift */,
				78856A2B1F3833990046CBF4 /* Main.storyboard */,
				78856A2E1F3833990046CBF4 /* Assets.xcassets */,
				78856A301F3833990046CBF4 /* LaunchScreen.storyboard */,
				78856A331F3833990046CBF4 /* Info.plist */,
			);
			path = DemoVendoredBundleCopying;
			sourceTree = "<group>";
		};
		7918FCF9CECAA11DC5D48388 /* Pods */ = {
			isa = PBXGroup;
			children = (
				88E7F0B453C5E6502ECDCFB8 /* Pods-DemoVendoredBundleCopying.debug.xcconfig */,
				2BC082E398B3A6F0DD675DA4 /* Pods-DemoVendoredBundleCopying.release.xcconfig */,
			);
			name = Pods;
			sourceTree = "<group>";
		};
		E38C626B6CEEFDFED1000247 /* Frameworks */ = {
			isa = PBXGroup;
			children = (
				FD1C746B7F18163BFB7406F9 /* Pods_DemoVendoredBundleCopying.framework */,
			);
			name = Frameworks;
			sourceTree = "<group>";
		};
/* End PBXGroup section */

/* Begin PBXNativeTarget section */
		78856A231F3833990046CBF4 /* DemoVendoredBundleCopying */ = {
			isa = PBXNativeTarget;
			buildConfigurationList = 78856A361F3833990046CBF4 /* Build configuration list for PBXNativeTarget "DemoVendoredBundleCopying" */;
			buildPhases = (
				F1AD0A376C5E0E4818BE7891 /* [CP] Check Pods Manifest.lock */,
				78856A201F3833990046CBF4 /* Sources */,
				78856A211F3833990046CBF4 /* Frameworks */,
				78856A221F3833990046CBF4 /* Resources */,
				2384DEB18AC62C7D85D3805B /* [CP] Embed Pods Frameworks */,
				592FCAFA153DDA7335F8B591 /* [CP] Copy Pods Resources */,
			);
			buildRules = (
			);
			dependencies = (
			);
			name = DemoVendoredBundleCopying;
			productName = DemoVendoredBundleCopying;
			productReference = 78856A241F3833990046CBF4 /* DemoVendoredBundleCopying.app */;
			productType = "com.apple.product-type.application";
		};
/* End PBXNativeTarget section */

/* Begin PBXProject section */
		78856A1C1F3833990046CBF4 /* Project object */ = {
			isa = PBXProject;
			attributes = {
				LastSwiftUpdateCheck = 0900;
				LastUpgradeCheck = 0900;
				ORGANIZATIONNAME = Demo;
				TargetAttributes = {
					78856A231F3833990046CBF4 = {
						CreatedOnToolsVersion = 9.0;
						ProvisioningStyle = Manual;
					};
				};
			};
			buildConfigurationList = 78856A1F1F3833990046CBF4 /* Build configuration list for PBXProject "DemoVendoredBundleCopying" */;
			compatibilityVersion = "Xcode 8.0";
			developmentRegion = en;
			hasScannedForEncodings = 0;
			knownRegions = (
				en,
				Base,
			);
			mainGroup = 78856A1B1F3833990046CBF4;
			productRefGroup = 78856A251F3833990046CBF4 /* Products */;
			projectDirPath = "";
			projectRoot = "";
			targets = (
				78856A231F3833990046CBF4 /* DemoVendoredBundleCopying */,
			);
		};
/* End PBXProject section */

/* Begin PBXResourcesBuildPhase section */
		78856A221F3833990046CBF4 /* Resources */ = {
			isa = PBXResourcesBuildPhase;
			buildActionMask = 2147483647;
			files = (
				78856A321F3833990046CBF4 /* LaunchScreen.storyboard in Resources */,
				78856A2F1F3833990046CBF4 /* Assets.xcassets in Resources */,
				78856A2D1F3833990046CBF4 /* Main.storyboard in Resources */,
			);
			runOnlyForDeploymentPostprocessing = 0;
		};
/* End PBXResourcesBuildPhase section */

/* Begin PBXShellScriptBuildPhase section */
		2384DEB18AC62C7D85D3805B /* [CP] Embed Pods Frameworks */ = {
			isa = PBXShellScriptBuildPhase;
			buildActionMask = 2147483647;
			files = (
			);
			inputPaths = (
			);
			name = "[CP] Embed Pods Frameworks";
			outputPaths = (
			);
			runOnlyForDeploymentPostprocessing = 0;
			shellPath = /bin/sh;
			shellScript = "\"${SRCROOT}/Pods/Target Support Files/Pods-DemoVendoredBundleCopying/Pods-DemoVendoredBundleCopying-frameworks.sh\"\n";
			showEnvVarsInLog = 0;
		};
		592FCAFA153DDA7335F8B591 /* [CP] Copy Pods Resources */ = {
			isa = PBXShellScriptBuildPhase;
			buildActionMask = 2147483647;
			files = (
			);
			inputPaths = (
				"${SRCROOT}/Pods/Target Support Files/Pods-DemoVendoredBundleCopying/Pods-DemoVendoredBundleCopying-resources.sh",
				"${PODS_ROOT}/TwitterKit/iOS/TwitterKit.framework/Versions/A/Resources/TwitterKitResources.bundle",
			);
			name = "[CP] Copy Pods Resources";
			outputPaths = (
				"${TARGET_BUILD_DIR}/${UNLOCALIZED_RESOURCES_FOLDER_PATH}",
			);
			runOnlyForDeploymentPostprocessing = 0;
			shellPath = /bin/sh;
			shellScript = "\"${SRCROOT}/Pods/Target Support Files/Pods-DemoVendoredBundleCopying/Pods-DemoVendoredBundleCopying-resources.sh\"\n";
			showEnvVarsInLog = 0;
		};
		F1AD0A376C5E0E4818BE7891 /* [CP] Check Pods Manifest.lock */ = {
			isa = PBXShellScriptBuildPhase;
			buildActionMask = 2147483647;
			files = (
			);
			inputPaths = (
				"${PODS_PODFILE_DIR_PATH}/Podfile.lock",
				"${PODS_ROOT}/Manifest.lock",
			);
			name = "[CP] Check Pods Manifest.lock";
			outputPaths = (
				"$(DERIVED_FILE_DIR)/Pods-DemoVendoredBundleCopying-checkManifestLockResult.txt",
			);
			runOnlyForDeploymentPostprocessing = 0;
			shellPath = /bin/sh;
			shellScript = "diff \"${PODS_PODFILE_DIR_PATH}/Podfile.lock\" \"${PODS_ROOT}/Manifest.lock\" > /dev/null\nif [ $? != 0 ] ; then\n    # print error to STDERR\n    echo \"error: The sandbox is not in sync with the Podfile.lock. Run 'pod install' or update your CocoaPods installation.\" >&2\n    exit 1\nfi\n# This output is used by Xcode 'outputs' to avoid re-running this script phase.\necho \"SUCCESS\" > \"${SCRIPT_OUTPUT_FILE_0}\"\n";
			showEnvVarsInLog = 0;
		};
/* End PBXShellScriptBuildPhase section */

/* Begin PBXSourcesBuildPhase section */
		78856A201F3833990046CBF4 /* Sources */ = {
			isa = PBXSourcesBuildPhase;
			buildActionMask = 2147483647;
			files = (
				78856A2A1F3833990046CBF4 /* ViewController.swift in Sources */,
				78856A281F3833990046CBF4 /* AppDelegate.swift in Sources */,
			);
			runOnlyForDeploymentPostprocessing = 0;
		};
/* End PBXSourcesBuildPhase section */

/* Begin PBXVariantGroup section */
		78856A2B1F3833990046CBF4 /* Main.storyboard */ = {
			isa = PBXVariantGroup;
			children = (
				78856A2C1F3833990046CBF4 /* Base */,
			);
			name = Main.storyboard;
			sourceTree = "<group>";
		};
		78856A301F3833990046CBF4 /* LaunchScreen.storyboard */ = {
			isa = PBXVariantGroup;
			children = (
				78856A311F3833990046CBF4 /* Base */,
			);
			name = LaunchScreen.storyboard;
			sourceTree = "<group>";
		};
/* End PBXVariantGroup section */

/* Begin XCBuildConfiguration section */
		78856A341F3833990046CBF4 /* Debug */ = {
			isa = XCBuildConfiguration;
			buildSettings = {
				ALWAYS_SEARCH_USER_PATHS = NO;
				CLANG_ANALYZER_NONNULL = YES;
				CLANG_ANALYZER_NUMBER_OBJECT_CONVERSION = YES_AGGRESSIVE;
				CLANG_CXX_LANGUAGE_STANDARD = "gnu++14";
				CLANG_CXX_LIBRARY = "libc++";
				CLANG_ENABLE_MODULES = YES;
				CLANG_ENABLE_OBJC_ARC = YES;
				CLANG_WARN_BLOCK_CAPTURE_AUTORELEASING = YES;
				CLANG_WARN_BOOL_CONVERSION = YES;
				CLANG_WARN_COMMA = YES;
				CLANG_WARN_CONSTANT_CONVERSION = YES;
				CLANG_WARN_DIRECT_OBJC_ISA_USAGE = YES_ERROR;
				CLANG_WARN_DOCUMENTATION_COMMENTS = YES;
				CLANG_WARN_EMPTY_BODY = YES;
				CLANG_WARN_ENUM_CONVERSION = YES;
				CLANG_WARN_INFINITE_RECURSION = YES;
				CLANG_WARN_INT_CONVERSION = YES;
				CLANG_WARN_NON_LITERAL_NULL_CONVERSION = YES;
				CLANG_WARN_OBJC_LITERAL_CONVERSION = YES;
				CLANG_WARN_OBJC_ROOT_CLASS = YES_ERROR;
				CLANG_WARN_RANGE_LOOP_ANALYSIS = YES;
				CLANG_WARN_STRICT_PROTOTYPES = YES;
				CLANG_WARN_SUSPICIOUS_MOVE = YES;
				CLANG_WARN_UNGUARDED_AVAILABILITY = YES_AGGRESSIVE;
				CLANG_WARN_UNREACHABLE_CODE = YES;
				CLANG_WARN__DUPLICATE_METHOD_MATCH = YES;
				CODE_SIGN_IDENTITY = "iPhone Developer";
				COPY_PHASE_STRIP = NO;
				DEBUG_INFORMATION_FORMAT = dwarf;
				ENABLE_STRICT_OBJC_MSGSEND = YES;
				ENABLE_TESTABILITY = YES;
				GCC_C_LANGUAGE_STANDARD = gnu11;
				GCC_DYNAMIC_NO_PIC = NO;
				GCC_NO_COMMON_BLOCKS = YES;
				GCC_OPTIMIZATION_LEVEL = 0;
				GCC_PREPROCESSOR_DEFINITIONS = (
					"DEBUG=1",
					"$(inherited)",
				);
				GCC_WARN_64_TO_32_BIT_CONVERSION = YES;
				GCC_WARN_ABOUT_RETURN_TYPE = YES_ERROR;
				GCC_WARN_UNDECLARED_SELECTOR = YES;
				GCC_WARN_UNINITIALIZED_AUTOS = YES_AGGRESSIVE;
				GCC_WARN_UNUSED_FUNCTION = YES;
				GCC_WARN_UNUSED_VARIABLE = YES;
				IPHONEOS_DEPLOYMENT_TARGET = 11.0;
				MTL_ENABLE_DEBUG_INFO = YES;
				ONLY_ACTIVE_ARCH = YES;
				SDKROOT = iphoneos;
				SWIFT_ACTIVE_COMPILATION_CONDITIONS = DEBUG;
				SWIFT_OPTIMIZATION_LEVEL = "-Onone";
			};
			name = Debug;
		};
		78856A351F3833990046CBF4 /* Release */ = {
			isa = XCBuildConfiguration;
			buildSettings = {
				ALWAYS_SEARCH_USER_PATHS = NO;
				CLANG_ANALYZER_NONNULL = YES;
				CLANG_ANALYZER_NUMBER_OBJECT_CONVERSION = YES_AGGRESSIVE;
				CLANG_CXX_LANGUAGE_STANDARD = "gnu++14";
				CLANG_CXX_LIBRARY = "libc++";
				CLANG_ENABLE_MODULES = YES;
				CLANG_ENABLE_OBJC_ARC = YES;
				CLANG_WARN_BLOCK_CAPTURE_AUTORELEASING = YES;
				CLANG_WARN_BOOL_CONVERSION = YES;
				CLANG_WARN_COMMA = YES;
				CLANG_WARN_CONSTANT_CONVERSION = YES;
				CLANG_WARN_DIRECT_OBJC_ISA_USAGE = YES_ERROR;
				CLANG_WARN_DOCUMENTATION_COMMENTS = YES;
				CLANG_WARN_EMPTY_BODY = YES;
				CLANG_WARN_ENUM_CONVERSION = YES;
				CLANG_WARN_INFINITE_RECURSION = YES;
				CLANG_WARN_INT_CONVERSION = YES;
				CLANG_WARN_NON_LITERAL_NULL_CONVERSION = YES;
				CLANG_WARN_OBJC_LITERAL_CONVERSION = YES;
				CLANG_WARN_OBJC_ROOT_CLASS = YES_ERROR;
				CLANG_WARN_RANGE_LOOP_ANALYSIS = YES;
				CLANG_WARN_STRICT_PROTOTYPES = YES;
				CLANG_WARN_SUSPICIOUS_MOVE = YES;
				CLANG_WARN_UNGUARDED_AVAILABILITY = YES_AGGRESSIVE;
				CLANG_WARN_UNREACHABLE_CODE = YES;
				CLANG_WARN__DUPLICATE_METHOD_MATCH = YES;
				CODE_SIGN_IDENTITY = "iPhone Developer";
				COPY_PHASE_STRIP = NO;
				DEBUG_INFORMATION_FORMAT = "dwarf-with-dsym";
				ENABLE_NS_ASSERTIONS = NO;
				ENABLE_STRICT_OBJC_MSGSEND = YES;
				GCC_C_LANGUAGE_STANDARD = gnu11;
				GCC_NO_COMMON_BLOCKS = YES;
				GCC_WARN_64_TO_32_BIT_CONVERSION = YES;
				GCC_WARN_ABOUT_RETURN_TYPE = YES_ERROR;
				GCC_WARN_UNDECLARED_SELECTOR = YES;
				GCC_WARN_UNINITIALIZED_AUTOS = YES_AGGRESSIVE;
				GCC_WARN_UNUSED_FUNCTION = YES;
				GCC_WARN_UNUSED_VARIABLE = YES;
				IPHONEOS_DEPLOYMENT_TARGET = 11.0;
				MTL_ENABLE_DEBUG_INFO = NO;
				SDKROOT = iphoneos;
				SWIFT_OPTIMIZATION_LEVEL = "-Owholemodule";
				VALIDATE_PRODUCT = YES;
			};
			name = Release;
		};
		78856A371F3833990046CBF4 /* Debug */ = {
			isa = XCBuildConfiguration;
			baseConfigurationReference = 88E7F0B453C5E6502ECDCFB8 /* Pods-DemoVendoredBundleCopying.debug.xcconfig */;
			buildSettings = {
				ASSETCATALOG_COMPILER_APPICON_NAME = AppIcon;
				CODE_SIGN_STYLE = Manual;
				DEVELOPMENT_TEAM = "";
				INFOPLIST_FILE = DemoVendoredBundleCopying/Info.plist;
				LD_RUNPATH_SEARCH_PATHS = "$(inherited) @executable_path/Frameworks";
				PRODUCT_BUNDLE_IDENTIFIER = com.demo.DemoVendoredBundleCopying;
				PRODUCT_NAME = "$(TARGET_NAME)";
				PROVISIONING_PROFILE_SPECIFIER = "";
				SWIFT_VERSION = 4.0;
				TARGETED_DEVICE_FAMILY = "1,2";
			};
			name = Debug;
		};
		78856A381F3833990046CBF4 /* Release */ = {
			isa = XCBuildConfiguration;
			baseConfigurationReference = 2BC082E398B3A6F0DD675DA4 /* Pods-DemoVendoredBundleCopying.release.xcconfig */;
			buildSettings = {
				ASSETCATALOG_COMPILER_APPICON_NAME = AppIcon;
				CODE_SIGN_STYLE = Manual;
				DEVELOPMENT_TEAM = "";
				INFOPLIST_FILE = DemoVendoredBundleCopying/Info.plist;
				LD_RUNPATH_SEARCH_PATHS = "$(inherited) @executable_path/Frameworks";
				PRODUCT_BUNDLE_IDENTIFIER = com.demo.DemoVendoredBundleCopying;
				PRODUCT_NAME = "$(TARGET_NAME)";
				PROVISIONING_PROFILE_SPECIFIER = "";
				SWIFT_VERSION = 4.0;
				TARGETED_DEVICE_FAMILY = "1,2";
			};
			name = Release;
		};
/* End XCBuildConfiguration section */

/* Begin XCConfigurationList section */
		78856A1F1F3833990046CBF4 /* Build configuration list for PBXProject "DemoVendoredBundleCopying" */ = {
			isa = XCConfigurationList;
			buildConfigurations = (
				78856A341F3833990046CBF4 /* Debug */,
				78856A351F3833990046CBF4 /* Release */,
			);
			defaultConfigurationIsVisible = 0;
			defaultConfigurationName = Release;
		};
		78856A361F3833990046CBF4 /* Build configuration list for PBXNativeTarget "DemoVendoredBundleCopying" */ = {
			isa = XCConfigurationList;
			buildConfigurations = (
				78856A371F3833990046CBF4 /* Debug */,
				78856A381F3833990046CBF4 /* Release */,
			);
			defaultConfigurationIsVisible = 0;
			defaultConfigurationName = Release;
		};
/* End XCConfigurationList section */
	};
	rootObject = 78856A1C1F3833990046CBF4 /* Project object */;
}
